// !$*UTF8*$!
{
	archiveVersion = 1;
	classes = {
	};
	objectVersion = 46;
	objects = {

/* Begin PBXBuildFile section */
		8DB355131BB6EBF6007EE8A7 /* AppDelegate.swift in Sources */ = {isa = PBXBuildFile; fileRef = 8DB355121BB6EBF6007EE8A7 /* AppDelegate.swift */; };
		8DB355151BB6EBF6007EE8A7 /* ViewController.swift in Sources */ = {isa = PBXBuildFile; fileRef = 8DB355141BB6EBF6007EE8A7 /* ViewController.swift */; };
		8DB355181BB6EBF6007EE8A7 /* Main.storyboard in Resources */ = {isa = PBXBuildFile; fileRef = 8DB355161BB6EBF6007EE8A7 /* Main.storyboard */; };
		8DB3551A1BB6EBF6007EE8A7 /* Assets.xcassets in Resources */ = {isa = PBXBuildFile; fileRef = 8DB355191BB6EBF6007EE8A7 /* Assets.xcassets */; };
		8DB355301BB6EC43007EE8A7 /* Assets.xcassets in Resources */ = {isa = PBXBuildFile; fileRef = 8DB3552F1BB6EC43007EE8A7 /* Assets.xcassets */; };
		8DB355381BB6EC81007EE8A7 /* Main.storyboard in Resources */ = {isa = PBXBuildFile; fileRef = 8DB355161BB6EBF6007EE8A7 /* Main.storyboard */; settings = {ASSET_TAGS = (); }; };
		8DB355391BB6EC86007EE8A7 /* AppDelegate.swift in Sources */ = {isa = PBXBuildFile; fileRef = 8DB355121BB6EBF6007EE8A7 /* AppDelegate.swift */; settings = {ASSET_TAGS = (); }; };
		8DB3553A1BB6EC86007EE8A7 /* ViewController.swift in Sources */ = {isa = PBXBuildFile; fileRef = 8DB355141BB6EBF6007EE8A7 /* ViewController.swift */; settings = {ASSET_TAGS = (); }; };
		8DB3553C1BB6EED7007EE8A7 /* Shape.swift in Sources */ = {isa = PBXBuildFile; fileRef = 8DB3553B1BB6EED7007EE8A7 /* Shape.swift */; settings = {ASSET_TAGS = (); }; };
		8DB3553D1BB6EED7007EE8A7 /* Shape.swift in Sources */ = {isa = PBXBuildFile; fileRef = 8DB3553B1BB6EED7007EE8A7 /* Shape.swift */; settings = {ASSET_TAGS = (); }; };
		8DB3553F1BB6EEF9007EE8A7 /* ShapeView.swift in Sources */ = {isa = PBXBuildFile; fileRef = 8DB3553E1BB6EEF9007EE8A7 /* ShapeView.swift */; settings = {ASSET_TAGS = (); }; };
		8DB355401BB6EEF9007EE8A7 /* ShapeView.swift in Sources */ = {isa = PBXBuildFile; fileRef = 8DB3553E1BB6EEF9007EE8A7 /* ShapeView.swift */; settings = {ASSET_TAGS = (); }; };
/* End PBXBuildFile section */

/* Begin PBXFileReference section */
		8DB3550F1BB6EBF6007EE8A7 /* SampleX.app */ = {isa = PBXFileReference; explicitFileType = wrapper.application; includeInIndex = 0; path = SampleX.app; sourceTree = BUILT_PRODUCTS_DIR; };
		8DB355121BB6EBF6007EE8A7 /* AppDelegate.swift */ = {isa = PBXFileReference; lastKnownFileType = sourcecode.swift; path = AppDelegate.swift; sourceTree = "<group>"; };
		8DB355141BB6EBF6007EE8A7 /* ViewController.swift */ = {isa = PBXFileReference; lastKnownFileType = sourcecode.swift; path = ViewController.swift; sourceTree = "<group>"; };
		8DB355171BB6EBF6007EE8A7 /* Base */ = {isa = PBXFileReference; lastKnownFileType = file.storyboard; name = Base; path = Base.lproj/Main.storyboard; sourceTree = "<group>"; };
		8DB355191BB6EBF6007EE8A7 /* Assets.xcassets */ = {isa = PBXFileReference; lastKnownFileType = folder.assetcatalog; path = Assets.xcassets; sourceTree = "<group>"; };
		8DB3551E1BB6EBF6007EE8A7 /* Info.plist */ = {isa = PBXFileReference; lastKnownFileType = text.plist.xml; path = Info.plist; sourceTree = "<group>"; };
		8DB355261BB6EC43007EE8A7 /* SampleY.app */ = {isa = PBXFileReference; explicitFileType = wrapper.application; includeInIndex = 0; path = SampleY.app; sourceTree = BUILT_PRODUCTS_DIR; };
		8DB3552F1BB6EC43007EE8A7 /* Assets.xcassets */ = {isa = PBXFileReference; lastKnownFileType = folder.assetcatalog; path = Assets.xcassets; sourceTree = "<group>"; };
		8DB355341BB6EC44007EE8A7 /* Info.plist */ = {isa = PBXFileReference; lastKnownFileType = text.plist.xml; path = Info.plist; sourceTree = "<group>"; };
		8DB3553B1BB6EED7007EE8A7 /* Shape.swift */ = {isa = PBXFileReference; fileEncoding = 4; lastKnownFileType = sourcecode.swift; path = Shape.swift; sourceTree = "<group>"; };
		8DB3553E1BB6EEF9007EE8A7 /* ShapeView.swift */ = {isa = PBXFileReference; fileEncoding = 4; lastKnownFileType = sourcecode.swift; path = ShapeView.swift; sourceTree = "<group>"; };
/* End PBXFileReference section */

/* Begin PBXFrameworksBuildPhase section */
		8DB3550C1BB6EBF6007EE8A7 /* Frameworks */ = {
			isa = PBXFrameworksBuildPhase;
			buildActionMask = 2147483647;
			files = (
			);
			runOnlyForDeploymentPostprocessing = 0;
		};
		8DB355231BB6EC43007EE8A7 /* Frameworks */ = {
			isa = PBXFrameworksBuildPhase;
			buildActionMask = 2147483647;
			files = (
			);
			runOnlyForDeploymentPostprocessing = 0;
		};
/* End PBXFrameworksBuildPhase section */

/* Begin PBXGroup section */
		8DB355041BB6EBDC007EE8A7 = {
			isa = PBXGroup;
			children = (
				8DB355111BB6EBF6007EE8A7 /* SampleX */,
				8DB355271BB6EC43007EE8A7 /* SampleY */,
				8DB355101BB6EBF6007EE8A7 /* Products */,
			);
			sourceTree = "<group>";
		};
		8DB355101BB6EBF6007EE8A7 /* Products */ = {
			isa = PBXGroup;
			children = (
				8DB3550F1BB6EBF6007EE8A7 /* SampleX.app */,
				8DB355261BB6EC43007EE8A7 /* SampleY.app */,
			);
			name = Products;
			sourceTree = "<group>";
		};
		8DB355111BB6EBF6007EE8A7 /* SampleX */ = {
			isa = PBXGroup;
			children = (
				8DB355121BB6EBF6007EE8A7 /* AppDelegate.swift */,
				8DB355141BB6EBF6007EE8A7 /* ViewController.swift */,
				8DB3553B1BB6EED7007EE8A7 /* Shape.swift */,
				8DB3553E1BB6EEF9007EE8A7 /* ShapeView.swift */,
				8DB355161BB6EBF6007EE8A7 /* Main.storyboard */,
				8DB355191BB6EBF6007EE8A7 /* Assets.xcassets */,
				8DB3551E1BB6EBF6007EE8A7 /* Info.plist */,
			);
			path = SampleX;
			sourceTree = "<group>";
		};
		8DB355271BB6EC43007EE8A7 /* SampleY */ = {
			isa = PBXGroup;
			children = (
				8DB3552F1BB6EC43007EE8A7 /* Assets.xcassets */,
				8DB355341BB6EC44007EE8A7 /* Info.plist */,
			);
			path = SampleY;
			sourceTree = "<group>";
		};
/* End PBXGroup section */

/* Begin PBXNativeTarget section */
		8DB3550E1BB6EBF6007EE8A7 /* SampleX */ = {
			isa = PBXNativeTarget;
			buildConfigurationList = 8DB3551F1BB6EBF6007EE8A7 /* Build configuration list for PBXNativeTarget "SampleX" */;
			buildPhases = (
				8DB3550B1BB6EBF6007EE8A7 /* Sources */,
				8DB3550C1BB6EBF6007EE8A7 /* Frameworks */,
				8DB3550D1BB6EBF6007EE8A7 /* Resources */,
			);
			buildRules = (
			);
			dependencies = (
			);
			name = SampleX;
			productName = SampleX;
			productReference = 8DB3550F1BB6EBF6007EE8A7 /* SampleX.app */;
			productType = "com.apple.product-type.application";
		};
		8DB355251BB6EC43007EE8A7 /* SampleY */ = {
			isa = PBXNativeTarget;
			buildConfigurationList = 8DB355351BB6EC44007EE8A7 /* Build configuration list for PBXNativeTarget "SampleY" */;
			buildPhases = (
				8DB355221BB6EC43007EE8A7 /* Sources */,
				8DB355231BB6EC43007EE8A7 /* Frameworks */,
				8DB355241BB6EC43007EE8A7 /* Resources */,
			);
			buildRules = (
			);
			dependencies = (
			);
			name = SampleY;
			productName = SampleY;
			productReference = 8DB355261BB6EC43007EE8A7 /* SampleY.app */;
			productType = "com.apple.product-type.application";
		};
/* End PBXNativeTarget section */

/* Begin PBXProject section */
		8DB355051BB6EBDC007EE8A7 /* Project object */ = {
			isa = PBXProject;
			attributes = {
				LastUpgradeCheck = 0700;
				TargetAttributes = {
					8DB3550E1BB6EBF6007EE8A7 = {
						CreatedOnToolsVersion = 7.0;
					};
					8DB355251BB6EC43007EE8A7 = {
						CreatedOnToolsVersion = 7.0;
					};
				};
			};
			buildConfigurationList = 8DB355081BB6EBDC007EE8A7 /* Build configuration list for PBXProject "ios9-dnd-demo" */;
			compatibilityVersion = "Xcode 3.2";
			developmentRegion = English;
			hasScannedForEncodings = 0;
			knownRegions = (
				en,
				Base,
			);
			mainGroup = 8DB355041BB6EBDC007EE8A7;
			productRefGroup = 8DB355101BB6EBF6007EE8A7 /* Products */;
			projectDirPath = "";
			projectRoot = "";
			targets = (
				8DB3550E1BB6EBF6007EE8A7 /* SampleX */,
				8DB355251BB6EC43007EE8A7 /* SampleY */,
			);
		};
/* End PBXProject section */

/* Begin PBXResourcesBuildPhase section */
		8DB3550D1BB6EBF6007EE8A7 /* Resources */ = {
			isa = PBXResourcesBuildPhase;
			buildActionMask = 2147483647;
			files = (
				8DB3551A1BB6EBF6007EE8A7 /* Assets.xcassets in Resources */,
				8DB355181BB6EBF6007EE8A7 /* Main.storyboard in Resources */,
			);
			runOnlyForDeploymentPostprocessing = 0;
		};
		8DB355241BB6EC43007EE8A7 /* Resources */ = {
			isa = PBXResourcesBuildPhase;
			buildActionMask = 2147483647;
			files = (
				8DB355301BB6EC43007EE8A7 /* Assets.xcassets in Resources */,
				8DB355381BB6EC81007EE8A7 /* Main.storyboard in Resources */,
			);
			runOnlyForDeploymentPostprocessing = 0;
		};
/* End PBXResourcesBuildPhase section */

/* Begin PBXSourcesBuildPhase section */
		8DB3550B1BB6EBF6007EE8A7 /* Sources */ = {
			isa = PBXSourcesBuildPhase;
			buildActionMask = 2147483647;
			files = (
				8DB355151BB6EBF6007EE8A7 /* ViewController.swift in Sources */,
				8DB3553C1BB6EED7007EE8A7 /* Shape.swift in Sources */,
				8DB3553F1BB6EEF9007EE8A7 /* ShapeView.swift in Sources */,
				8DB355131BB6EBF6007EE8A7 /* AppDelegate.swift in Sources */,
			);
			runOnlyForDeploymentPostprocessing = 0;
		};
		8DB355221BB6EC43007EE8A7 /* Sources */ = {
			isa = PBXSourcesBuildPhase;
			buildActionMask = 2147483647;
			files = (
				8DB3553A1BB6EC86007EE8A7 /* ViewController.swift in Sources */,
				8DB3553D1BB6EED7007EE8A7 /* Shape.swift in Sources */,
				8DB355401BB6EEF9007EE8A7 /* ShapeView.swift in Sources */,
				8DB355391BB6EC86007EE8A7 /* AppDelegate.swift in Sources */,
			);
			runOnlyForDeploymentPostprocessing = 0;
		};
/* End PBXSourcesBuildPhase section */

/* Begin PBXVariantGroup section */
		8DB355161BB6EBF6007EE8A7 /* Main.storyboard */ = {
			isa = PBXVariantGroup;
			children = (
				8DB355171BB6EBF6007EE8A7 /* Base */,
			);
			name = Main.storyboard;
			sourceTree = "<group>";
		};
/* End PBXVariantGroup section */

/* Begin XCBuildConfiguration section */
		8DB355091BB6EBDC007EE8A7 /* Debug */ = {
			isa = XCBuildConfiguration;
			buildSettings = {
			};
			name = Debug;
		};
		8DB3550A1BB6EBDC007EE8A7 /* Release */ = {
			isa = XCBuildConfiguration;
			buildSettings = {
			};
			name = Release;
		};
		8DB355201BB6EBF6007EE8A7 /* Debug */ = {
			isa = XCBuildConfiguration;
			buildSettings = {
				ALWAYS_SEARCH_USER_PATHS = NO;
				ASSETCATALOG_COMPILER_APPICON_NAME = AppIcon;
				CLANG_CXX_LANGUAGE_STANDARD = "gnu++0x";
				CLANG_CXX_LIBRARY = "libc++";
				CLANG_ENABLE_MODULES = YES;
				CLANG_ENABLE_OBJC_ARC = YES;
				CLANG_WARN_BOOL_CONVERSION = YES;
				CLANG_WARN_CONSTANT_CONVERSION = YES;
				CLANG_WARN_DIRECT_OBJC_ISA_USAGE = YES_ERROR;
				CLANG_WARN_EMPTY_BODY = YES;
				CLANG_WARN_ENUM_CONVERSION = YES;
				CLANG_WARN_INT_CONVERSION = YES;
				CLANG_WARN_OBJC_ROOT_CLASS = YES_ERROR;
				CLANG_WARN_UNREACHABLE_CODE = YES;
				CLANG_WARN__DUPLICATE_METHOD_MATCH = YES;
				"CODE_SIGN_IDENTITY[sdk=iphoneos*]" = "iPhone Developer";
				COPY_PHASE_STRIP = NO;
				DEBUG_INFORMATION_FORMAT = dwarf;
				ENABLE_STRICT_OBJC_MSGSEND = YES;
				ENABLE_TESTABILITY = YES;
				GCC_C_LANGUAGE_STANDARD = gnu99;
				GCC_DYNAMIC_NO_PIC = NO;
				GCC_NO_COMMON_BLOCKS = YES;
				GCC_OPTIMIZATION_LEVEL = 0;
				GCC_PREPROCESSOR_DEFINITIONS = (
					"DEBUG=1",
					"$(inherited)",
				);
				GCC_WARN_64_TO_32_BIT_CONVERSION = YES;
				GCC_WARN_ABOUT_RETURN_TYPE = YES_ERROR;
				GCC_WARN_UNDECLARED_SELECTOR = YES;
				GCC_WARN_UNINITIALIZED_AUTOS = YES_AGGRESSIVE;
				GCC_WARN_UNUSED_FUNCTION = YES;
				GCC_WARN_UNUSED_VARIABLE = YES;
				INFOPLIST_FILE = SampleX/Info.plist;
				IPHONEOS_DEPLOYMENT_TARGET = 9.0;
				LD_RUNPATH_SEARCH_PATHS = "$(inherited) @executable_path/Frameworks";
				MTL_ENABLE_DEBUG_INFO = YES;
				ONLY_ACTIVE_ARCH = YES;
				PRODUCT_BUNDLE_IDENTIFIER = "com.blogspot.safx-dev.SampleX";
				PRODUCT_NAME = "$(TARGET_NAME)";
				SDKROOT = iphoneos;
				SWIFT_OPTIMIZATION_LEVEL = "-Onone";
				TARGETED_DEVICE_FAMILY = 2;
			};
			name = Debug;
		};
		8DB355211BB6EBF6007EE8A7 /* Release */ = {
			isa = XCBuildConfiguration;
			buildSettings = {
				ALWAYS_SEARCH_USER_PATHS = NO;
				ASSETCATALOG_COMPILER_APPICON_NAME = AppIcon;
				CLANG_CXX_LANGUAGE_STANDARD = "gnu++0x";
				CLANG_CXX_LIBRARY = "libc++";
				CLANG_ENABLE_MODULES = YES;
				CLANG_ENABLE_OBJC_ARC = YES;
				CLANG_WARN_BOOL_CONVERSION = YES;
				CLANG_WARN_CONSTANT_CONVERSION = YES;
				CLANG_WARN_DIRECT_OBJC_ISA_USAGE = YES_ERROR;
				CLANG_WARN_EMPTY_BODY = YES;
				CLANG_WARN_ENUM_CONVERSION = YES;
				CLANG_WARN_INT_CONVERSION = YES;
				CLANG_WARN_OBJC_ROOT_CLASS = YES_ERROR;
				CLANG_WARN_UNREACHABLE_CODE = YES;
				CLANG_WARN__DUPLICATE_METHOD_MATCH = YES;
				"CODE_SIGN_IDENTITY[sdk=iphoneos*]" = "iPhone Developer";
				COPY_PHASE_STRIP = NO;
				DEBUG_INFORMATION_FORMAT = "dwarf-with-dsym";
				ENABLE_NS_ASSERTIONS = NO;
				ENABLE_STRICT_OBJC_MSGSEND = YES;
				GCC_C_LANGUAGE_STANDARD = gnu99;
				GCC_NO_COMMON_BLOCKS = YES;
				GCC_WARN_64_TO_32_BIT_CONVERSION = YES;
				GCC_WARN_ABOUT_RETURN_TYPE = YES_ERROR;
				GCC_WARN_UNDECLARED_SELECTOR = YES;
				GCC_WARN_UNINITIALIZED_AUTOS = YES_AGGRESSIVE;
				GCC_WARN_UNUSED_FUNCTION = YES;
				GCC_WARN_UNUSED_VARIABLE = YES;
				INFOPLIST_FILE = SampleX/Info.plist;
				IPHONEOS_DEPLOYMENT_TARGET = 9.0;
				LD_RUNPATH_SEARCH_PATHS = "$(inherited) @executable_path/Frameworks";
				MTL_ENABLE_DEBUG_INFO = NO;
				PRODUCT_BUNDLE_IDENTIFIER = "com.blogspot.safx-dev.SampleX";
				PRODUCT_NAME = "$(TARGET_NAME)";
				SDKROOT = iphoneos;
				TARGETED_DEVICE_FAMILY = 2;
				VALIDATE_PRODUCT = YES;
			};
			name = Release;
		};
		8DB355361BB6EC44007EE8A7 /* Debug */ = {
			isa = XCBuildConfiguration;
			buildSettings = {
				ALWAYS_SEARCH_USER_PATHS = NO;
				ASSETCATALOG_COMPILER_APPICON_NAME = AppIcon;
				CLANG_CXX_LANGUAGE_STANDARD = "gnu++0x";
				CLANG_CXX_LIBRARY = "libc++";
				CLANG_ENABLE_MODULES = YES;
				CLANG_ENABLE_OBJC_ARC = YES;
				CLANG_WARN_BOOL_CONVERSION = YES;
				CLANG_WARN_CONSTANT_CONVERSION = YES;
				CLANG_WARN_DIRECT_OBJC_ISA_USAGE = YES_ERROR;
				CLANG_WARN_EMPTY_BODY = YES;
				CLANG_WARN_ENUM_CONVERSION = YES;
				CLANG_WARN_INT_CONVERSION = YES;
				CLANG_WARN_OBJC_ROOT_CLASS = YES_ERROR;
				CLANG_WARN_UNREACHABLE_CODE = YES;
				CLANG_WARN__DUPLICATE_METHOD_MATCH = YES;
				"CODE_SIGN_IDENTITY[sdk=iphoneos*]" = "iPhone Developer";
				COPY_PHASE_STRIP = NO;
				DEBUG_INFORMATION_FORMAT = dwarf;
				ENABLE_STRICT_OBJC_MSGSEND = YES;
				ENABLE_TESTABILITY = YES;
				GCC_C_LANGUAGE_STANDARD = gnu99;
				GCC_DYNAMIC_NO_PIC = NO;
				GCC_NO_COMMON_BLOCKS = YES;
				GCC_OPTIMIZATION_LEVEL = 0;
				GCC_PREPROCESSOR_DEFINITIONS = (
					"DEBUG=1",
					"$(inherited)",
				);
				GCC_WARN_64_TO_32_BIT_CONVERSION = YES;
				GCC_WARN_ABOUT_RETURN_TYPE = YES_ERROR;
				GCC_WARN_UNDECLARED_SELECTOR = YES;
				GCC_WARN_UNINITIALIZED_AUTOS = YES_AGGRESSIVE;
				GCC_WARN_UNUSED_FUNCTION = YES;
				GCC_WARN_UNUSED_VARIABLE = YES;
				INFOPLIST_FILE = SampleY/Info.plist;
				IPHONEOS_DEPLOYMENT_TARGET = 9.0;
				LD_RUNPATH_SEARCH_PATHS = "$(inherited) @executable_path/Frameworks";
				MTL_ENABLE_DEBUG_INFO = YES;
				ONLY_ACTIVE_ARCH = YES;
				PRODUCT_BUNDLE_IDENTIFIER = "com.blogspot.safx-dev.SampleY";
				PRODUCT_NAME = "$(TARGET_NAME)";
				SDKROOT = iphoneos;
				SWIFT_OPTIMIZATION_LEVEL = "-Onone";
				TARGETED_DEVICE_FAMILY = 2;
			};
			name = Debug;
		};
		8DB355371BB6EC44007EE8A7 /* Release */ = {
			isa = XCBuildConfiguration;
			buildSettings = {
				ALWAYS_SEARCH_USER_PATHS = NO;
				ASSETCATALOG_COMPILER_APPICON_NAME = AppIcon;
				CLANG_CXX_LANGUAGE_STANDARD = "gnu++0x";
				CLANG_CXX_LIBRARY = "libc++";
				CLANG_ENABLE_MODULES = YES;
				CLANG_ENABLE_OBJC_ARC = YES;
				CLANG_WARN_BOOL_CONVERSION = YES;
				CLANG_WARN_CONSTANT_CONVERSION = YES;
				CLANG_WARN_DIRECT_OBJC_ISA_USAGE = YES_ERROR;
				CLANG_WARN_EMPTY_BODY = YES;
				CLANG_WARN_ENUM_CONVERSION = YES;
				CLANG_WARN_INT_CONVERSION = YES;
				CLANG_WARN_OBJC_ROOT_CLASS = YES_ERROR;
				CLANG_WARN_UNREACHABLE_CODE = YES;
				CLANG_WARN__DUPLICATE_METHOD_MATCH = YES;
				"CODE_SIGN_IDENTITY[sdk=iphoneos*]" = "iPhone Developer";
				COPY_PHASE_STRIP = NO;
				DEBUG_INFORMATION_FORMAT = "dwarf-with-dsym";
				ENABLE_NS_ASSERTIONS = NO;
				ENABLE_STRICT_OBJC_MSGSEND = YES;
				GCC_C_LANGUAGE_STANDARD = gnu99;
				GCC_NO_COMMON_BLOCKS = YES;
				GCC_WARN_64_TO_32_BIT_CONVERSION = YES;
				GCC_WARN_ABOUT_RETURN_TYPE = YES_ERROR;
				GCC_WARN_UNDECLARED_SELECTOR = YES;
				GCC_WARN_UNINITIALIZED_AUTOS = YES_AGGRESSIVE;
				GCC_WARN_UNUSED_FUNCTION = YES;
				GCC_WARN_UNUSED_VARIABLE = YES;
				INFOPLIST_FILE = SampleY/Info.plist;
				IPHONEOS_DEPLOYMENT_TARGET = 9.0;
				LD_RUNPATH_SEARCH_PATHS = "$(inherited) @executable_path/Frameworks";
				MTL_ENABLE_DEBUG_INFO = NO;
				PRODUCT_BUNDLE_IDENTIFIER = "com.blogspot.safx-dev.SampleY";
				PRODUCT_NAME = "$(TARGET_NAME)";
				SDKROOT = iphoneos;
				TARGETED_DEVICE_FAMILY = 2;
				VALIDATE_PRODUCT = YES;
			};
			name = Release;
		};
/* End XCBuildConfiguration section */

/* Begin XCConfigurationList section */
		8DB355081BB6EBDC007EE8A7 /* Build configuration list for PBXProject "ios9-dnd-demo" */ = {
			isa = XCConfigurationList;
			buildConfigurations = (
				8DB355091BB6EBDC007EE8A7 /* Debug */,
				8DB3550A1BB6EBDC007EE8A7 /* Release */,
			);
			defaultConfigurationIsVisible = 0;
			defaultConfigurationName = Release;
		};
		8DB3551F1BB6EBF6007EE8A7 /* Build configuration list for PBXNativeTarget "SampleX" */ = {
			isa = XCConfigurationList;
			buildConfigurations = (
				8DB355201BB6EBF6007EE8A7 /* Debug */,
				8DB355211BB6EBF6007EE8A7 /* Release */,
			);
			defaultConfigurationIsVisible = 0;
		};
		8DB355351BB6EC44007EE8A7 /* Build configuration list for PBXNativeTarget "SampleY" */ = {
			isa = XCConfigurationList;
			buildConfigurations = (
				8DB355361BB6EC44007EE8A7 /* Debug */,
				8DB355371BB6EC44007EE8A7 /* Release */,
			);
			defaultConfigurationIsVisible = 0;
		};
/* End XCConfigurationList section */
	};
	rootObject = 8DB355051BB6EBDC007EE8A7 /* Project object */;
}
